
Microsoft Visual Studio Solution File, Format Version 12.00
# Visual Studio Version 16
VisualStudioVersion = 16.0.31702.278
MinimumVisualStudioVersion = 10.0.40219.1
Project("{FAE04EC0-301F-11D3-BF4B-00C04F79EFBC}") = "PLC-Screen", "PLC-Screen\PLC-Screen.csproj", "{20AC43E5-03BB-4DD6-9602-0B1B7C3DBCC9}"
EndProject
Project("{FAE04EC0-301F-11D3-BF4B-00C04F79EFBC}") = "ColorSlider", "..\..\..\ColorSlider\ColorSlider.csproj", "{16E224DC-7FF0-4908-8318-D6A3AC2E797A}"
EndProject
Project("{FAE04EC0-301F-11D3-BF4B-00C04F79EFBC}") = "ToggleSwitch", "..\..\..\ToggleSwitch\ToggleSwitch.csproj", "{49B88FFA-F02C-4709-BA65-9F8996444ECD}"
EndProject
Global
	GlobalSection(SolutionConfigurationPlatforms) = preSolution
		Debug|Any CPU = Debug|Any CPU
		Release|Any CPU = Release|Any CPU
	EndGlobalSection
	GlobalSection(ProjectConfigurationPlatforms) = postSolution
		{20AC43E5-03BB-4DD6-9602-0B1B7C3DBCC9}.Debug|Any CPU.ActiveCfg = Debug|Any CPU
		{20AC43E5-03BB-4DD6-9602-0B1B7C3DBCC9}.Debug|Any CPU.Build.0 = Debug|Any CPU
		{20AC43E5-03BB-4DD6-9602-0B1B7C3DBCC9}.Release|Any CPU.ActiveCfg = Release|Any CPU
		{20AC43E5-03BB-4DD6-9602-0B1B7C3DBCC9}.Release|Any CPU.Build.0 = Release|Any CPU
		{16E224DC-7FF0-4908-8318-D6A3AC2E797A}.Debug|Any CPU.ActiveCfg = Debug|Any CPU
		{16E224DC-7FF0-4908-8318-D6A3AC2E797A}.Debug|Any CPU.Build.0 = Debug|Any CPU
		{16E224DC-7FF0-4908-8318-D6A3AC2E797A}.Release|Any CPU.ActiveCfg = Release|Any CPU
		{16E224DC-7FF0-4908-8318-D6A3AC2E797A}.Release|Any CPU.Build.0 = Release|Any CPU
		{49B88FFA-F02C-4709-BA65-9F8996444ECD}.Debug|Any CPU.ActiveCfg = Debug|Any CPU
		{49B88FFA-F02C-4709-BA65-9F8996444ECD}.Debug|Any CPU.Build.0 = Debug|Any CPU
		{49B88FFA-F02C-4709-BA65-9F8996444ECD}.Release|Any CPU.ActiveCfg = Release|Any CPU
		{49B88FFA-F02C-4709-BA65-9F8996444ECD}.Release|Any CPU.Build.0 = Release|Any CPU
	EndGlobalSection
	GlobalSection(SolutionProperties) = preSolution
		HideSolutionNode = FALSE
	EndGlobalSection
	GlobalSection(ExtensibilityGlobals) = postSolution
		SolutionGuid = {0D853F87-1AA6-4740-8322-6B8C27796C3A}
	EndGlobalSection
EndGlobal
